
Microsoft Visual Studio Solution File, Format Version 12.00
# Visual Studio Version 16
VisualStudioVersion = 16.0.31205.134
MinimumVisualStudioVersion = 10.0.40219.1
Project("{888888A0-9F3D-457C-B088-3A5042F75D52}") = "DistanceConverter", "DistanceConverter\DistanceConverter.pyproj", "{58AC8FC8-B0FA-4936-8026-8526126ADA05}"
EndProject
Global
	GlobalSection(SolutionConfigurationPlatforms) = preSolution
		Debug|Any CPU = Debug|Any CPU
		Release|Any CPU = Release|Any CPU
	EndGlobalSection
	GlobalSection(ProjectConfigurationPlatforms) = postSolution
		{58AC8FC8-B0FA-4936-8026-8526126ADA05}.Debug|Any CPU.ActiveCfg = Debug|Any CPU
		{58AC8FC8-B0FA-4936-8026-8526126ADA05}.Release|Any CPU.ActiveCfg = Release|Any CPU
	EndGlobalSection
	GlobalSection(SolutionProperties) = preSolution
		HideSolutionNode = FALSE
	EndGlobalSection
	GlobalSection(ExtensibilityGlobals) = postSolution
		SolutionGuid = {94925791-79F3-4713-B363-248D2D586619}
	EndGlobalSection
EndGlobal
